{
  "name": "SafePath_BackEnd",
  "lockfileVersion": 3,
  "requires": true,
  "packages": {
    "": {
      "dependencies": {
        "geolib": "^3.3.14"
      }
    },
    "node_modules/geolib": {
      "version": "3.3.14",
      "resolved": "https://registry.npmjs.org/geolib/-/geolib-3.3.14.tgz",
      "integrity": "sha512-uQ1772h3OjhWvL/HhSRZTMjBKIKoc4wFksLDqzqOkuG/2TgBbTwFamU0Disx3sNFk/BOweHyhKoVaYDuLIpsxQ==",
      "license": "MIT"
    }
  }
}
